
Microsoft Visual Studio Solution File, Format Version 12.00
# Visual Studio Version 16
VisualStudioVersion = 16.0.29613.14
MinimumVisualStudioVersion = 10.0.40219.1
Project("{FAE04EC0-301F-11D3-BF4B-00C04F79EFBC}") = "Lab1", "Lab1\Lab1.csproj", "{4CFF6E09-3607-4898-BF2B-65E0958BDA83}"
EndProject
Global
	GlobalSection(SolutionConfigurationPlatforms) = preSolution
		Debug|Any CPU = Debug|Any CPU
		Release|Any CPU = Release|Any CPU
	EndGlobalSection
	GlobalSection(ProjectConfigurationPlatforms) = postSolution
		{4CFF6E09-3607-4898-BF2B-65E0958BDA83}.Debug|Any CPU.ActiveCfg = Debug|Any CPU
		{4CFF6E09-3607-4898-BF2B-65E0958BDA83}.Debug|Any CPU.Build.0 = Debug|Any CPU
		{4CFF6E09-3607-4898-BF2B-65E0958BDA83}.Release|Any CPU.ActiveCfg = Release|Any CPU
		{4CFF6E09-3607-4898-BF2B-65E0958BDA83}.Release|Any CPU.Build.0 = Release|Any CPU
	EndGlobalSection
	GlobalSection(SolutionProperties) = preSolution
		HideSolutionNode = FALSE
	EndGlobalSection
	GlobalSection(ExtensibilityGlobals) = postSolution
		SolutionGuid = {D10AE871-183F-401E-8595-5158F49DBBBC}
	EndGlobalSection
EndGlobal
